Microsoft Visual Studio Solution File, Format Version 12.00
# Visual Studio Version 17
VisualStudioVersion = 17.5.2.0
MinimumVisualStudioVersion = 10.0.40219.1
Project("{FAE04EC0-301F-11D3-BF4B-00C04F79EFBC}") = "AsyncWebCrawler", "AsyncWebCrawler.csproj", "{CDB69686-4DAE-2F5B-0A07-B6E8EAF4A23D}"
EndProject
Global
	GlobalSection(SolutionConfigurationPlatforms) = preSolution
		Debug|Any CPU = Debug|Any CPU
		Release|Any CPU = Release|Any CPU
	EndGlobalSection
	GlobalSection(ProjectConfigurationPlatforms) = postSolution
		{CDB69686-4DAE-2F5B-0A07-B6E8EAF4A23D}.Debug|Any CPU.ActiveCfg = Debug|Any CPU
		{CDB69686-4DAE-2F5B-0A07-B6E8EAF4A23D}.Debug|Any CPU.Build.0 = Debug|Any CPU
		{CDB69686-4DAE-2F5B-0A07-B6E8EAF4A23D}.Release|Any CPU.ActiveCfg = Release|Any CPU
		{CDB69686-4DAE-2F5B-0A07-B6E8EAF4A23D}.Release|Any CPU.Build.0 = Release|Any CPU
	EndGlobalSection
	GlobalSection(SolutionProperties) = preSolution
		HideSolutionNode = FALSE
	EndGlobalSection
	GlobalSection(ExtensibilityGlobals) = postSolution
		SolutionGuid = {F41213AD-7C02-4856-B2F4-A1B259F82C9E}
	EndGlobalSection
EndGlobal
